
Microsoft Visual Studio Solution File, Format Version 12.00
# Visual Studio Version 17
VisualStudioVersion = 17.4.33403.182
MinimumVisualStudioVersion = 10.0.40219.1
Project("{8BC9CEB8-8B4A-11D0-8D11-00A0C91BC942}") = "15649번 N과 M(1)", "15649번 N과 M(1)\15649번 N과 M(1).vcxproj", "{8D49CFF7-569F-4272-9809-D649F22CBD2F}"
EndProject
Global
	GlobalSection(SolutionConfigurationPlatforms) = preSolution
		Debug|x64 = Debug|x64
		Debug|x86 = Debug|x86
		Release|x64 = Release|x64
		Release|x86 = Release|x86
	EndGlobalSection
	GlobalSection(ProjectConfigurationPlatforms) = postSolution
		{8D49CFF7-569F-4272-9809-D649F22CBD2F}.Debug|x64.ActiveCfg = Debug|x64
		{8D49CFF7-569F-4272-9809-D649F22CBD2F}.Debug|x64.Build.0 = Debug|x64
		{8D49CFF7-569F-4272-9809-D649F22CBD2F}.Debug|x86.ActiveCfg = Debug|Win32
		{8D49CFF7-569F-4272-9809-D649F22CBD2F}.Debug|x86.Build.0 = Debug|Win32
		{8D49CFF7-569F-4272-9809-D649F22CBD2F}.Release|x64.ActiveCfg = Release|x64
		{8D49CFF7-569F-4272-9809-D649F22CBD2F}.Release|x64.Build.0 = Release|x64
		{8D49CFF7-569F-4272-9809-D649F22CBD2F}.Release|x86.ActiveCfg = Release|Win32
		{8D49CFF7-569F-4272-9809-D649F22CBD2F}.Release|x86.Build.0 = Release|Win32
	EndGlobalSection
	GlobalSection(SolutionProperties) = preSolution
		HideSolutionNode = FALSE
	EndGlobalSection
	GlobalSection(ExtensibilityGlobals) = postSolution
		SolutionGuid = {9D17F8DE-C809-459A-A008-0EBDA224BBA5}
	EndGlobalSection
EndGlobal
