
Microsoft Visual Studio Solution File, Format Version 12.00
# Visual Studio Version 17
VisualStudioVersion = 17.8.34330.188
MinimumVisualStudioVersion = 10.0.40219.1
Project("{8BC9CEB8-8B4A-11D0-8D11-00A0C91BC942}") = "28702번 FIzzBuzz", "28702번 FIzzBuzz\28702번 FIzzBuzz.vcxproj", "{30F8D1BF-80E7-45D3-9ED2-9688F2C44FA5}"
EndProject
Global
	GlobalSection(SolutionConfigurationPlatforms) = preSolution
		Debug|x64 = Debug|x64
		Debug|x86 = Debug|x86
		Release|x64 = Release|x64
		Release|x86 = Release|x86
	EndGlobalSection
	GlobalSection(ProjectConfigurationPlatforms) = postSolution
		{30F8D1BF-80E7-45D3-9ED2-9688F2C44FA5}.Debug|x64.ActiveCfg = Debug|x64
		{30F8D1BF-80E7-45D3-9ED2-9688F2C44FA5}.Debug|x64.Build.0 = Debug|x64
		{30F8D1BF-80E7-45D3-9ED2-9688F2C44FA5}.Debug|x86.ActiveCfg = Debug|Win32
		{30F8D1BF-80E7-45D3-9ED2-9688F2C44FA5}.Debug|x86.Build.0 = Debug|Win32
		{30F8D1BF-80E7-45D3-9ED2-9688F2C44FA5}.Release|x64.ActiveCfg = Release|x64
		{30F8D1BF-80E7-45D3-9ED2-9688F2C44FA5}.Release|x64.Build.0 = Release|x64
		{30F8D1BF-80E7-45D3-9ED2-9688F2C44FA5}.Release|x86.ActiveCfg = Release|Win32
		{30F8D1BF-80E7-45D3-9ED2-9688F2C44FA5}.Release|x86.Build.0 = Release|Win32
	EndGlobalSection
	GlobalSection(SolutionProperties) = preSolution
		HideSolutionNode = FALSE
	EndGlobalSection
	GlobalSection(ExtensibilityGlobals) = postSolution
		SolutionGuid = {DEE8555B-7BEA-4476-BF05-E51E183B6D52}
	EndGlobalSection
EndGlobal
