
Microsoft Visual Studio Solution File, Format Version 12.00
# Visual Studio Version 17
VisualStudioVersion = 17.4.33403.182
MinimumVisualStudioVersion = 10.0.40219.1
Project("{8BC9CEB8-8B4A-11D0-8D11-00A0C91BC942}") = "17298번 오큰수", "17298번 오큰수\17298번 오큰수.vcxproj", "{0861BC1A-CA65-451F-B95F-76A9A50808C9}"
EndProject
Global
	GlobalSection(SolutionConfigurationPlatforms) = preSolution
		Debug|x64 = Debug|x64
		Debug|x86 = Debug|x86
		Release|x64 = Release|x64
		Release|x86 = Release|x86
	EndGlobalSection
	GlobalSection(ProjectConfigurationPlatforms) = postSolution
		{0861BC1A-CA65-451F-B95F-76A9A50808C9}.Debug|x64.ActiveCfg = Debug|x64
		{0861BC1A-CA65-451F-B95F-76A9A50808C9}.Debug|x64.Build.0 = Debug|x64
		{0861BC1A-CA65-451F-B95F-76A9A50808C9}.Debug|x86.ActiveCfg = Debug|Win32
		{0861BC1A-CA65-451F-B95F-76A9A50808C9}.Debug|x86.Build.0 = Debug|Win32
		{0861BC1A-CA65-451F-B95F-76A9A50808C9}.Release|x64.ActiveCfg = Release|x64
		{0861BC1A-CA65-451F-B95F-76A9A50808C9}.Release|x64.Build.0 = Release|x64
		{0861BC1A-CA65-451F-B95F-76A9A50808C9}.Release|x86.ActiveCfg = Release|Win32
		{0861BC1A-CA65-451F-B95F-76A9A50808C9}.Release|x86.Build.0 = Release|Win32
	EndGlobalSection
	GlobalSection(SolutionProperties) = preSolution
		HideSolutionNode = FALSE
	EndGlobalSection
	GlobalSection(ExtensibilityGlobals) = postSolution
		SolutionGuid = {6144C65B-60B6-4846-8A3F-B0F866FF448B}
	EndGlobalSection
EndGlobal
