
Microsoft Visual Studio Solution File, Format Version 12.00
# Visual Studio Version 17
VisualStudioVersion = 17.4.33403.182
MinimumVisualStudioVersion = 10.0.40219.1
Project("{8BC9CEB8-8B4A-11D0-8D11-00A0C91BC942}") = "9184번 신나는 함수 실행", "9184번 신나는 함수 실행\9184번 신나는 함수 실행.vcxproj", "{C0E14C02-154C-43DF-B51A-2C5E9B19ABB1}"
EndProject
Global
	GlobalSection(SolutionConfigurationPlatforms) = preSolution
		Debug|x64 = Debug|x64
		Debug|x86 = Debug|x86
		Release|x64 = Release|x64
		Release|x86 = Release|x86
	EndGlobalSection
	GlobalSection(ProjectConfigurationPlatforms) = postSolution
		{C0E14C02-154C-43DF-B51A-2C5E9B19ABB1}.Debug|x64.ActiveCfg = Debug|x64
		{C0E14C02-154C-43DF-B51A-2C5E9B19ABB1}.Debug|x64.Build.0 = Debug|x64
		{C0E14C02-154C-43DF-B51A-2C5E9B19ABB1}.Debug|x86.ActiveCfg = Debug|Win32
		{C0E14C02-154C-43DF-B51A-2C5E9B19ABB1}.Debug|x86.Build.0 = Debug|Win32
		{C0E14C02-154C-43DF-B51A-2C5E9B19ABB1}.Release|x64.ActiveCfg = Release|x64
		{C0E14C02-154C-43DF-B51A-2C5E9B19ABB1}.Release|x64.Build.0 = Release|x64
		{C0E14C02-154C-43DF-B51A-2C5E9B19ABB1}.Release|x86.ActiveCfg = Release|Win32
		{C0E14C02-154C-43DF-B51A-2C5E9B19ABB1}.Release|x86.Build.0 = Release|Win32
	EndGlobalSection
	GlobalSection(SolutionProperties) = preSolution
		HideSolutionNode = FALSE
	EndGlobalSection
	GlobalSection(ExtensibilityGlobals) = postSolution
		SolutionGuid = {B53BE572-A015-4E8E-B3F6-976253654381}
	EndGlobalSection
EndGlobal
