
Microsoft Visual Studio Solution File, Format Version 12.00
# Visual Studio Version 17
VisualStudioVersion = 17.4.33403.182
MinimumVisualStudioVersion = 10.0.40219.1
Project("{8BC9CEB8-8B4A-11D0-8D11-00A0C91BC942}") = "1912번 연속합", "1912번 연속합\1912번 연속합.vcxproj", "{31403E0B-DF2C-47A7-97AB-54F33A129A15}"
EndProject
Global
	GlobalSection(SolutionConfigurationPlatforms) = preSolution
		Debug|x64 = Debug|x64
		Debug|x86 = Debug|x86
		Release|x64 = Release|x64
		Release|x86 = Release|x86
	EndGlobalSection
	GlobalSection(ProjectConfigurationPlatforms) = postSolution
		{31403E0B-DF2C-47A7-97AB-54F33A129A15}.Debug|x64.ActiveCfg = Debug|x64
		{31403E0B-DF2C-47A7-97AB-54F33A129A15}.Debug|x64.Build.0 = Debug|x64
		{31403E0B-DF2C-47A7-97AB-54F33A129A15}.Debug|x86.ActiveCfg = Debug|Win32
		{31403E0B-DF2C-47A7-97AB-54F33A129A15}.Debug|x86.Build.0 = Debug|Win32
		{31403E0B-DF2C-47A7-97AB-54F33A129A15}.Release|x64.ActiveCfg = Release|x64
		{31403E0B-DF2C-47A7-97AB-54F33A129A15}.Release|x64.Build.0 = Release|x64
		{31403E0B-DF2C-47A7-97AB-54F33A129A15}.Release|x86.ActiveCfg = Release|Win32
		{31403E0B-DF2C-47A7-97AB-54F33A129A15}.Release|x86.Build.0 = Release|Win32
	EndGlobalSection
	GlobalSection(SolutionProperties) = preSolution
		HideSolutionNode = FALSE
	EndGlobalSection
	GlobalSection(ExtensibilityGlobals) = postSolution
		SolutionGuid = {341F2C11-585E-4A8F-A723-3B1D29DCD235}
	EndGlobalSection
EndGlobal
