
Microsoft Visual Studio Solution File, Format Version 12.00
# Visual Studio Version 17
VisualStudioVersion = 17.4.33403.182
MinimumVisualStudioVersion = 10.0.40219.1
Project("{8BC9CEB8-8B4A-11D0-8D11-00A0C91BC942}") = "26069번 붙임성 좋은 총총이", "26069번 붙임성 좋은 총총이\26069번 붙임성 좋은 총총이.vcxproj", "{0E6C21F6-FCB5-4526-AF14-DD8709AB05BE}"
EndProject
Global
	GlobalSection(SolutionConfigurationPlatforms) = preSolution
		Debug|x64 = Debug|x64
		Debug|x86 = Debug|x86
		Release|x64 = Release|x64
		Release|x86 = Release|x86
	EndGlobalSection
	GlobalSection(ProjectConfigurationPlatforms) = postSolution
		{0E6C21F6-FCB5-4526-AF14-DD8709AB05BE}.Debug|x64.ActiveCfg = Debug|x64
		{0E6C21F6-FCB5-4526-AF14-DD8709AB05BE}.Debug|x64.Build.0 = Debug|x64
		{0E6C21F6-FCB5-4526-AF14-DD8709AB05BE}.Debug|x86.ActiveCfg = Debug|Win32
		{0E6C21F6-FCB5-4526-AF14-DD8709AB05BE}.Debug|x86.Build.0 = Debug|Win32
		{0E6C21F6-FCB5-4526-AF14-DD8709AB05BE}.Release|x64.ActiveCfg = Release|x64
		{0E6C21F6-FCB5-4526-AF14-DD8709AB05BE}.Release|x64.Build.0 = Release|x64
		{0E6C21F6-FCB5-4526-AF14-DD8709AB05BE}.Release|x86.ActiveCfg = Release|Win32
		{0E6C21F6-FCB5-4526-AF14-DD8709AB05BE}.Release|x86.Build.0 = Release|Win32
	EndGlobalSection
	GlobalSection(SolutionProperties) = preSolution
		HideSolutionNode = FALSE
	EndGlobalSection
	GlobalSection(ExtensibilityGlobals) = postSolution
		SolutionGuid = {AEB35A46-32CE-43C3-8A36-C84DE372A41A}
	EndGlobalSection
EndGlobal
